
Microsoft Visual Studio Solution File, Format Version 12.00
# Visual Studio Version 17
VisualStudioVersion = 17.2.32526.322
MinimumVisualStudioVersion = 10.0.40219.1
Project("{FAE04EC0-301F-11D3-BF4B-00C04F79EFBC}") = "PM2E2GRUPO3.Android", "PM2E2GRUPO3.Android\PM2E2GRUPO3.Android.csproj", "{CE16915B-5D59-4D4D-836C-743ED33D1906}"
EndProject
Project("{FAE04EC0-301F-11D3-BF4B-00C04F79EFBC}") = "PM2E2GRUPO3.iOS", "PM2E2GRUPO3.iOS\PM2E2GRUPO3.iOS.csproj", "{172FB46C-2242-43A4-B1CE-031F9C0F6712}"
EndProject
Project("{9A19103F-16F7-4668-BE54-9A1E7A4F7556}") = "PM2E2GRUPO3", "PM2E2GRUPO3\PM2E2GRUPO3.csproj", "{E1A4CB7E-62F3-41ED-8770-DE3688C2799C}"
EndProject
Global
	GlobalSection(SolutionConfigurationPlatforms) = preSolution
		Debug|Any CPU = Debug|Any CPU
		Debug|iPhone = Debug|iPhone
		Debug|iPhoneSimulator = Debug|iPhoneSimulator
		Release|Any CPU = Release|Any CPU
		Release|iPhone = Release|iPhone
		Release|iPhoneSimulator = Release|iPhoneSimulator
	EndGlobalSection
	GlobalSection(ProjectConfigurationPlatforms) = postSolution
		{CE16915B-5D59-4D4D-836C-743ED33D1906}.Debug|Any CPU.ActiveCfg = Debug|Any CPU
		{CE16915B-5D59-4D4D-836C-743ED33D1906}.Debug|Any CPU.Build.0 = Debug|Any CPU
		{CE16915B-5D59-4D4D-836C-743ED33D1906}.Debug|Any CPU.Deploy.0 = Debug|Any CPU
		{CE16915B-5D59-4D4D-836C-743ED33D1906}.Debug|iPhone.ActiveCfg = Debug|Any CPU
		{CE16915B-5D59-4D4D-836C-743ED33D1906}.Debug|iPhone.Build.0 = Debug|Any CPU
		{CE16915B-5D59-4D4D-836C-743ED33D1906}.Debug|iPhone.Deploy.0 = Debug|Any CPU
		{CE16915B-5D59-4D4D-836C-743ED33D1906}.Debug|iPhoneSimulator.ActiveCfg = Debug|Any CPU
		{CE16915B-5D59-4D4D-836C-743ED33D1906}.Debug|iPhoneSimulator.Build.0 = Debug|Any CPU
		{CE16915B-5D59-4D4D-836C-743ED33D1906}.Debug|iPhoneSimulator.Deploy.0 = Debug|Any CPU
		{CE16915B-5D59-4D4D-836C-743ED33D1906}.Release|Any CPU.ActiveCfg = Release|Any CPU
		{CE16915B-5D59-4D4D-836C-743ED33D1906}.Release|Any CPU.Build.0 = Release|Any CPU
		{CE16915B-5D59-4D4D-836C-743ED33D1906}.Release|Any CPU.Deploy.0 = Release|Any CPU
		{CE16915B-5D59-4D4D-836C-743ED33D1906}.Release|iPhone.ActiveCfg = Release|Any CPU
		{CE16915B-5D59-4D4D-836C-743ED33D1906}.Release|iPhone.Build.0 = Release|Any CPU
		{CE16915B-5D59-4D4D-836C-743ED33D1906}.Release|iPhone.Deploy.0 = Release|Any CPU
		{CE16915B-5D59-4D4D-836C-743ED33D1906}.Release|iPhoneSimulator.ActiveCfg = Release|Any CPU
		{CE16915B-5D59-4D4D-836C-743ED33D1906}.Release|iPhoneSimulator.Build.0 = Release|Any CPU
		{CE16915B-5D59-4D4D-836C-743ED33D1906}.Release|iPhoneSimulator.Deploy.0 = Release|Any CPU
		{172FB46C-2242-43A4-B1CE-031F9C0F6712}.Debug|Any CPU.ActiveCfg = Debug|iPhone
		{172FB46C-2242-43A4-B1CE-031F9C0F6712}.Debug|Any CPU.Build.0 = Debug|iPhone
		{172FB46C-2242-43A4-B1CE-031F9C0F6712}.Debug|Any CPU.Deploy.0 = Debug|iPhone
		{172FB46C-2242-43A4-B1CE-031F9C0F6712}.Debug|iPhone.ActiveCfg = Debug|iPhone
		{172FB46C-2242-43A4-B1CE-031F9C0F6712}.Debug|iPhone.Build.0 = Debug|iPhone
		{172FB46C-2242-43A4-B1CE-031F9C0F6712}.Debug|iPhone.Deploy.0 = Debug|iPhone
		{172FB46C-2242-43A4-B1CE-031F9C0F6712}.Debug|iPhoneSimulator.ActiveCfg = Debug|iPhoneSimulator
		{172FB46C-2242-43A4-B1CE-031F9C0F6712}.Debug|iPhoneSimulator.Build.0 = Debug|iPhoneSimulator
		{172FB46C-2242-43A4-B1CE-031F9C0F6712}.Debug|iPhoneSimulator.Deploy.0 = Debug|iPhoneSimulator
		{172FB46C-2242-43A4-B1CE-031F9C0F6712}.Release|Any CPU.ActiveCfg = Release|iPhoneSimulator
		{172FB46C-2242-43A4-B1CE-031F9C0F6712}.Release|Any CPU.Build.0 = Release|iPhoneSimulator
		{172FB46C-2242-43A4-B1CE-031F9C0F6712}.Release|Any CPU.Deploy.0 = Release|iPhoneSimulator
		{172FB46C-2242-43A4-B1CE-031F9C0F6712}.Release|iPhone.ActiveCfg = Release|iPhone
		{172FB46C-2242-43A4-B1CE-031F9C0F6712}.Release|iPhone.Build.0 = Release|iPhone
		{172FB46C-2242-43A4-B1CE-031F9C0F6712}.Release|iPhone.Deploy.0 = Release|iPhone
		{172FB46C-2242-43A4-B1CE-031F9C0F6712}.Release|iPhoneSimulator.ActiveCfg = Release|iPhoneSimulator
		{172FB46C-2242-43A4-B1CE-031F9C0F6712}.Release|iPhoneSimulator.Build.0 = Release|iPhoneSimulator
		{172FB46C-2242-43A4-B1CE-031F9C0F6712}.Release|iPhoneSimulator.Deploy.0 = Release|iPhoneSimulator
		{E1A4CB7E-62F3-41ED-8770-DE3688C2799C}.Debug|Any CPU.ActiveCfg = Debug|Any CPU
		{E1A4CB7E-62F3-41ED-8770-DE3688C2799C}.Debug|Any CPU.Build.0 = Debug|Any CPU
		{E1A4CB7E-62F3-41ED-8770-DE3688C2799C}.Debug|Any CPU.Deploy.0 = Debug|Any CPU
		{E1A4CB7E-62F3-41ED-8770-DE3688C2799C}.Debug|iPhone.ActiveCfg = Debug|Any CPU
		{E1A4CB7E-62F3-41ED-8770-DE3688C2799C}.Debug|iPhone.Build.0 = Debug|Any CPU
		{E1A4CB7E-62F3-41ED-8770-DE3688C2799C}.Debug|iPhone.Deploy.0 = Debug|Any CPU
		{E1A4CB7E-62F3-41ED-8770-DE3688C2799C}.Debug|iPhoneSimulator.ActiveCfg = Debug|Any CPU
		{E1A4CB7E-62F3-41ED-8770-DE3688C2799C}.Debug|iPhoneSimulator.Build.0 = Debug|Any CPU
		{E1A4CB7E-62F3-41ED-8770-DE3688C2799C}.Debug|iPhoneSimulator.Deploy.0 = Debug|Any CPU
		{E1A4CB7E-62F3-41ED-8770-DE3688C2799C}.Release|Any CPU.ActiveCfg = Release|Any CPU
		{E1A4CB7E-62F3-41ED-8770-DE3688C2799C}.Release|Any CPU.Build.0 = Release|Any CPU
		{E1A4CB7E-62F3-41ED-8770-DE3688C2799C}.Release|Any CPU.Deploy.0 = Release|Any CPU
		{E1A4CB7E-62F3-41ED-8770-DE3688C2799C}.Release|iPhone.ActiveCfg = Release|Any CPU
		{E1A4CB7E-62F3-41ED-8770-DE3688C2799C}.Release|iPhone.Build.0 = Release|Any CPU
		{E1A4CB7E-62F3-41ED-8770-DE3688C2799C}.Release|iPhone.Deploy.0 = Release|Any CPU
		{E1A4CB7E-62F3-41ED-8770-DE3688C2799C}.Release|iPhoneSimulator.ActiveCfg = Release|Any CPU
		{E1A4CB7E-62F3-41ED-8770-DE3688C2799C}.Release|iPhoneSimulator.Build.0 = Release|Any CPU
		{E1A4CB7E-62F3-41ED-8770-DE3688C2799C}.Release|iPhoneSimulator.Deploy.0 = Release|Any CPU
	EndGlobalSection
	GlobalSection(SolutionProperties) = preSolution
		HideSolutionNode = FALSE
	EndGlobalSection
	GlobalSection(ExtensibilityGlobals) = postSolution
		SolutionGuid = {24184229-2185-4DA4-8509-11378E12F7AA}
	EndGlobalSection
EndGlobal
